
Microsoft Visual Studio Solution File, Format Version 12.00
# Visual Studio Version 17
VisualStudioVersion = 17.3.32825.248
MinimumVisualStudioVersion = 10.0.40219.1
Project("{FAE04EC0-301F-11D3-BF4B-00C04F79EFBC}") = "PROJECT TRANSFER FILE", "PROJECT TRANSFER FILE\PROJECT TRANSFER FILE.csproj", "{92539199-BC04-422A-AAC4-08F69BE60B5A}"
EndProject
Global
	GlobalSection(SolutionConfigurationPlatforms) = preSolution
		Debug|Any CPU = Debug|Any CPU
		Release|Any CPU = Release|Any CPU
	EndGlobalSection
	GlobalSection(ProjectConfigurationPlatforms) = postSolution
		{92539199-BC04-422A-AAC4-08F69BE60B5A}.Debug|Any CPU.ActiveCfg = Debug|Any CPU
		{92539199-BC04-422A-AAC4-08F69BE60B5A}.Debug|Any CPU.Build.0 = Debug|Any CPU
		{92539199-BC04-422A-AAC4-08F69BE60B5A}.Release|Any CPU.ActiveCfg = Release|Any CPU
		{92539199-BC04-422A-AAC4-08F69BE60B5A}.Release|Any CPU.Build.0 = Release|Any CPU
	EndGlobalSection
	GlobalSection(SolutionProperties) = preSolution
		HideSolutionNode = FALSE
	EndGlobalSection
	GlobalSection(ExtensibilityGlobals) = postSolution
		SolutionGuid = {193228FE-50D2-4C27-8FEB-FCFC1B948B13}
	EndGlobalSection
EndGlobal
